
Microsoft Visual Studio Solution File, Format Version 12.00
# Visual Studio Version 17
VisualStudioVersion = 17.1.32203.90
MinimumVisualStudioVersion = 10.0.40219.1
Project("{FAE04EC0-301F-11D3-BF4B-00C04F79EFBC}") = "WpfApp3", "WpfApp3.csproj", "{33FC366E-6382-4441-9457-6BDEF9ECEA52}"
EndProject
Global
	GlobalSection(SolutionConfigurationPlatforms) = preSolution
		Debug|Any CPU = Debug|Any CPU
		Release|Any CPU = Release|Any CPU
	EndGlobalSection
	GlobalSection(ProjectConfigurationPlatforms) = postSolution
		{33FC366E-6382-4441-9457-6BDEF9ECEA52}.Debug|Any CPU.ActiveCfg = Debug|Any CPU
		{33FC366E-6382-4441-9457-6BDEF9ECEA52}.Debug|Any CPU.Build.0 = Debug|Any CPU
		{33FC366E-6382-4441-9457-6BDEF9ECEA52}.Release|Any CPU.ActiveCfg = Release|Any CPU
		{33FC366E-6382-4441-9457-6BDEF9ECEA52}.Release|Any CPU.Build.0 = Release|Any CPU
	EndGlobalSection
	GlobalSection(SolutionProperties) = preSolution
		HideSolutionNode = FALSE
	EndGlobalSection
	GlobalSection(ExtensibilityGlobals) = postSolution
		SolutionGuid = {E6786A12-C3DC-44DB-95F0-3BFA6614F063}
	EndGlobalSection
EndGlobal
